
Microsoft Visual Studio Solution File, Format Version 12.00
# Visual Studio Version 16
VisualStudioVersion = 16.0.31702.278
MinimumVisualStudioVersion = 10.0.40219.1
Project("{FAE04EC0-301F-11D3-BF4B-00C04F79EFBC}") = "loopDemos", "loopDemos\loopDemos.csproj", "{C6495BB0-5373-4077-801B-4F909105FFDD}"
EndProject
Global
	GlobalSection(SolutionConfigurationPlatforms) = preSolution
		Debug|Any CPU = Debug|Any CPU
		Release|Any CPU = Release|Any CPU
	EndGlobalSection
	GlobalSection(ProjectConfigurationPlatforms) = postSolution
		{C6495BB0-5373-4077-801B-4F909105FFDD}.Debug|Any CPU.ActiveCfg = Debug|Any CPU
		{C6495BB0-5373-4077-801B-4F909105FFDD}.Debug|Any CPU.Build.0 = Debug|Any CPU
		{C6495BB0-5373-4077-801B-4F909105FFDD}.Release|Any CPU.ActiveCfg = Release|Any CPU
		{C6495BB0-5373-4077-801B-4F909105FFDD}.Release|Any CPU.Build.0 = Release|Any CPU
	EndGlobalSection
	GlobalSection(SolutionProperties) = preSolution
		HideSolutionNode = FALSE
	EndGlobalSection
	GlobalSection(ExtensibilityGlobals) = postSolution
		SolutionGuid = {F2D277BE-0280-4EEF-8AA0-03E34CB0879F}
	EndGlobalSection
EndGlobal
